<?xml version="1.0" encoding="utf-8"?>
<Project ToolsVersion="4.0" xmlns="http://schemas.microsoft.com/developer/msbuild/2003">
  <ItemGroup>
    <Filter Include="Source Files">
      <UniqueIdentifier>{4FC737F1-C7A5-4376-A066-2A32D752A2FF}</UniqueIdentifier>
      <Extensions>cpp;c;cc;cxx;def;odl;idl;hpj;bat;asm;asmx</Extensions>
    </Filter>
    <Filter Include="Header Files">
      <UniqueIdentifier>{93995380-89BD-4b04-88EB-625FBE52EBFB}</UniqueIdentifier>
      <Extensions>h;hh;hpp;hxx;hm;inl;inc;xsd</Extensions>
    </Filter>
    <Filter Include="Source Files\Resource Files">
      <UniqueIdentifier>{67DA6AB6-F800-4c08-8B7A-83BB121AAD01}</UniqueIdentifier>
      <Extensions>rc;ico;cur;bmp;dlg;rc2;rct;bin;rgs;gif;jpg;jpeg;jpe;resx;tiff;tif;png;wav;mfcribbon-ms</Extensions>
    </Filter>
  </ItemGroup>
  <ItemGroup>
    <ClCompile Include="grafos.cpp">
      <Filter>Source Files</Filter>
    </ClCompile>
    <ClCompile Include="SocialGame.cpp">
      <Filter>Source Files</Filter>
    </ClCompile>
    <ClCompile Include="Arco.cpp">
      <Filter>Source Files</Filter>
    </ClCompile>
    <ClCompile Include="No.cpp">
      <Filter>Source Files</Filter>
    </ClCompile>
    <ClCompile Include="readjpeg.c">
      <Filter>Source Files</Filter>
    </ClCompile>
    <ClCompile Include="rain.cpp">
      <Filter>Source Files</Filter>
    </ClCompile>
    <ClCompile Include="iconHumor.cpp">
      <Filter>Source Files</Filter>
    </ClCompile>
    <ClCompile Include="tga.cpp">
      <Filter>Source Files</Filter>
    </ClCompile>
    <ClCompile Include="Billboard.cpp">
      <Filter>Source Files</Filter>
    </ClCompile>
    <ClCompile Include="wsclient\stdafx.cpp">
      <Filter>Source Files</Filter>
    </ClCompile>
    <ClCompile Include="ClientWS.cpp">
      <Filter>Source Files</Filter>
    </ClCompile>
    <ClCompile Include="wsclient\schemas.microsoft.com.2003.10.Serialization.xsd.c">
      <Filter>Header Files</Filter>
    </ClCompile>
    <ClCompile Include="wsclient\tempuri.org.wsdl.c">
      <Filter>Header Files</Filter>
    </ClCompile>
    <ClCompile Include="wsclient\tempuri.org.xsd.c">
      <Filter>Header Files</Filter>
    </ClCompile>
    <ClCompile Include="Mp3.cpp">
      <Filter>Source Files</Filter>
    </ClCompile>
  </ItemGroup>
  <ItemGroup>
    <ClInclude Include="grafos.h">
      <Filter>Header Files</Filter>
    </ClInclude>
    <ClInclude Include="Arco.h">
      <Filter>Header Files</Filter>
    </ClInclude>
    <ClInclude Include="No.h">
      <Filter>Header Files</Filter>
    </ClInclude>
    <ClInclude Include="rain.h">
      <Filter>Header Files</Filter>
    </ClInclude>
    <ClInclude Include="maths.h">
      <Filter>Header Files</Filter>
    </ClInclude>
    <ClInclude Include="Billboard.h">
      <Filter>Header Files</Filter>
    </ClInclude>
    <ClInclude Include="tga.h">
      <Filter>Header Files</Filter>
    </ClInclude>
    <ClInclude Include="humor.h">
      <Filter>Header Files</Filter>
    </ClInclude>
    <ClInclude Include="wsclient\StdAfx.h">
      <Filter>Header Files</Filter>
    </ClInclude>
    <ClInclude Include="wsclient\targetver.h">
      <Filter>Header Files</Filter>
    </ClInclude>
    <ClInclude Include="ClientWS.h">
      <Filter>Header Files</Filter>
    </ClInclude>
    <ClInclude Include="wsclient\schemas.microsoft.com.2003.10.Serialization.xsd.h">
      <Filter>Header Files</Filter>
    </ClInclude>
    <ClInclude Include="wsclient\tempuri.org.wsdl.h">
      <Filter>Header Files</Filter>
    </ClInclude>
    <ClInclude Include="wsclient\tempuri.org.xsd.h">
      <Filter>Header Files</Filter>
    </ClInclude>
    <ClInclude Include="Mp3.h">
      <Filter>Header Files</Filter>
    </ClInclude>
  </ItemGroup>
</Project>